// !$*UTF8*$!
{
	archiveVersion = 1;
	classes = {
	};
	objectVersion = 46;
	objects = {

/* Begin PBXBuildFile section */
		A88A8E9018F28F9600652FC1 /* Camera.c in Sources */ = {isa = PBXBuildFile; fileRef = A88A8E8E18F28F9600652FC1 /* Camera.c */; };
		A88A8E9118F28F9600652FC1 /* Camera.h in Headers */ = {isa = PBXBuildFile; fileRef = A88A8E8F18F28F9600652FC1 /* Camera.h */; };
/* End PBXBuildFile section */

/* Begin PBXFileReference section */
		A88A8E8618F28F8A00652FC1 /* libFFCamera.a */ = {isa = PBXFileReference; explicitFileType = archive.ar; includeInIndex = 0; path = libFFCamera.a; sourceTree = BUILT_PRODUCTS_DIR; };
		A88A8E8E18F28F9600652FC1 /* Camera.c */ = {isa = PBXFileReference; fileEncoding = 4; lastKnownFileType = sourcecode.c.c; path = Camera.c; sourceTree = "<group>"; };
		A88A8E8F18F28F9600652FC1 /* Camera.h */ = {isa = PBXFileReference; fileEncoding = 4; lastKnownFileType = sourcecode.c.h; path = Camera.h; sourceTree = "<group>"; };
/* End PBXFileReference section */

/* Begin PBXFrameworksBuildPhase section */
		A88A8E8318F28F8A00652FC1 /* Frameworks */ = {
			isa = PBXFrameworksBuildPhase;
			buildActionMask = 2147483647;
			files = (
			);
			runOnlyForDeploymentPostprocessing = 0;
		};
/* End PBXFrameworksBuildPhase section */

/* Begin PBXGroup section */
		A88A8E7D18F28F8A00652FC1 = {
			isa = PBXGroup;
			children = (
				A88A8E8D18F28F9600652FC1 /* Camera */,
				A88A8E8718F28F8A00652FC1 /* Products */,
			);
			sourceTree = "<group>";
		};
		A88A8E8718F28F8A00652FC1 /* Products */ = {
			isa = PBXGroup;
			children = (
				A88A8E8618F28F8A00652FC1 /* libFFCamera.a */,
			);
			name = Products;
			sourceTree = "<group>";
		};
		A88A8E8D18F28F9600652FC1 /* Camera */ = {
			isa = PBXGroup;
			children = (
				A88A8E8E18F28F9600652FC1 /* Camera.c */,
				A88A8E8F18F28F9600652FC1 /* Camera.h */,
			);
			name = Camera;
			path = ../../Camera;
			sourceTree = "<group>";
		};
/* End PBXGroup section */

/* Begin PBXHeadersBuildPhase section */
		A88A8E8418F28F8A00652FC1 /* Headers */ = {
			isa = PBXHeadersBuildPhase;
			buildActionMask = 2147483647;
			files = (
				A88A8E9118F28F9600652FC1 /* Camera.h in Headers */,
			);
			runOnlyForDeploymentPostprocessing = 0;
		};
/* End PBXHeadersBuildPhase section */

/* Begin PBXNativeTarget section */
		A88A8E8518F28F8A00652FC1 /* FFCamera */ = {
			isa = PBXNativeTarget;
			buildConfigurationList = A88A8E8A18F28F8A00652FC1 /* Build configuration list for PBXNativeTarget "FFCamera" */;
			buildPhases = (
				A88A8E8218F28F8A00652FC1 /* Sources */,
				A88A8E8318F28F8A00652FC1 /* Frameworks */,
				A88A8E8418F28F8A00652FC1 /* Headers */,
			);
			buildRules = (
			);
			dependencies = (
			);
			name = FFCamera;
			productName = FFCamera;
			productReference = A88A8E8618F28F8A00652FC1 /* libFFCamera.a */;
			productType = "com.apple.product-type.library.static";
		};
/* End PBXNativeTarget section */

/* Begin PBXProject section */
		A88A8E7E18F28F8A00652FC1 /* Project object */ = {
			isa = PBXProject;
			attributes = {
				LastUpgradeCheck = 0510;
				ORGANIZATIONNAME = "Arno in Wolde Luebke";
			};
			buildConfigurationList = A88A8E8118F28F8A00652FC1 /* Build configuration list for PBXProject "FFCamera" */;
			compatibilityVersion = "Xcode 3.2";
			developmentRegion = English;
			hasScannedForEncodings = 0;
			knownRegions = (
				en,
			);
			mainGroup = A88A8E7D18F28F8A00652FC1;
			productRefGroup = A88A8E8718F28F8A00652FC1 /* Products */;
			projectDirPath = "";
			projectRoot = "";
			targets = (
				A88A8E8518F28F8A00652FC1 /* FFCamera */,
			);
		};
/* End PBXProject section */

/* Begin PBXSourcesBuildPhase section */
		A88A8E8218F28F8A00652FC1 /* Sources */ = {
			isa = PBXSourcesBuildPhase;
			buildActionMask = 2147483647;
			files = (
				A88A8E9018F28F9600652FC1 /* Camera.c in Sources */,
			);
			runOnlyForDeploymentPostprocessing = 0;
		};
/* End PBXSourcesBuildPhase section */

/* Begin XCBuildConfiguration section */
		A88A8E8818F28F8A00652FC1 /* Debug */ = {
			isa = XCBuildConfiguration;
			buildSettings = {
				ALWAYS_SEARCH_USER_PATHS = NO;
				CLANG_CXX_LANGUAGE_STANDARD = "gnu++0x";
				CLANG_CXX_LIBRARY = "libc++";
				CLANG_ENABLE_MODULES = YES;
				CLANG_ENABLE_OBJC_ARC = YES;
				CLANG_WARN_BOOL_CONVERSION = YES;
				CLANG_WARN_CONSTANT_CONVERSION = YES;
				CLANG_WARN_DIRECT_OBJC_ISA_USAGE = YES_ERROR;
				CLANG_WARN_EMPTY_BODY = YES;
				CLANG_WARN_ENUM_CONVERSION = YES;
				CLANG_WARN_INT_CONVERSION = YES;
				CLANG_WARN_OBJC_ROOT_CLASS = YES_ERROR;
				CLANG_WARN__DUPLICATE_METHOD_MATCH = YES;
				COPY_PHASE_STRIP = NO;
				GCC_C_LANGUAGE_STANDARD = gnu99;
				GCC_DYNAMIC_NO_PIC = NO;
				GCC_ENABLE_OBJC_EXCEPTIONS = YES;
				GCC_OPTIMIZATION_LEVEL = 0;
				GCC_PREPROCESSOR_DEFINITIONS = (
					"DEBUG=1",
					"$(inherited)",
				);
				GCC_SYMBOLS_PRIVATE_EXTERN = NO;
				GCC_WARN_64_TO_32_BIT_CONVERSION = YES;
				GCC_WARN_ABOUT_RETURN_TYPE = YES_ERROR;
				GCC_WARN_UNDECLARED_SELECTOR = YES;
				GCC_WARN_UNINITIALIZED_AUTOS = YES_AGGRESSIVE;
				GCC_WARN_UNUSED_FUNCTION = YES;
				GCC_WARN_UNUSED_VARIABLE = YES;
				MACOSX_DEPLOYMENT_TARGET = 10.9;
				ONLY_ACTIVE_ARCH = YES;
				SDKROOT = macosx;
			};
			name = Debug;
		};
		A88A8E8918F28F8A00652FC1 /* Release */ = {
			isa = XCBuildConfiguration;
			buildSettings = {
				ALWAYS_SEARCH_USER_PATHS = NO;
				CLANG_CXX_LANGUAGE_STANDARD = "gnu++0x";
				CLANG_CXX_LIBRARY = "libc++";
				CLANG_ENABLE_MODULES = YES;
				CLANG_ENABLE_OBJC_ARC = YES;
				CLANG_WARN_BOOL_CONVERSION = YES;
				CLANG_WARN_CONSTANT_CONVERSION = YES;
				CLANG_WARN_DIRECT_OBJC_ISA_USAGE = YES_ERROR;
				CLANG_WARN_EMPTY_BODY = YES;
				CLANG_WARN_ENUM_CONVERSION = YES;
				CLANG_WARN_INT_CONVERSION = YES;
				CLANG_WARN_OBJC_ROOT_CLASS = YES_ERROR;
				CLANG_WARN__DUPLICATE_METHOD_MATCH = YES;
				COPY_PHASE_STRIP = YES;
				DEBUG_INFORMATION_FORMAT = "dwarf-with-dsym";
				ENABLE_NS_ASSERTIONS = NO;
				GCC_C_LANGUAGE_STANDARD = gnu99;
				GCC_ENABLE_OBJC_EXCEPTIONS = YES;
				GCC_WARN_64_TO_32_BIT_CONVERSION = YES;
				GCC_WARN_ABOUT_RETURN_TYPE = YES_ERROR;
				GCC_WARN_UNDECLARED_SELECTOR = YES;
				GCC_WARN_UNINITIALIZED_AUTOS = YES_AGGRESSIVE;
				GCC_WARN_UNUSED_FUNCTION = YES;
				GCC_WARN_UNUSED_VARIABLE = YES;
				MACOSX_DEPLOYMENT_TARGET = 10.9;
				SDKROOT = macosx;
			};
			name = Release;
		};
		A88A8E8B18F28F8A00652FC1 /* Debug */ = {
			isa = XCBuildConfiguration;
			buildSettings = {
				ALWAYS_SEARCH_USER_PATHS = YES;
				EXECUTABLE_PREFIX = lib;
				PRODUCT_NAME = "$(TARGET_NAME)";
				USER_HEADER_SEARCH_PATHS = "/Users/scttrbrn/Documents/Libraries/Fxs/Include/**";
			};
			name = Debug;
		};
		A88A8E8C18F28F8A00652FC1 /* Release */ = {
			isa = XCBuildConfiguration;
			buildSettings = {
				ALWAYS_SEARCH_USER_PATHS = YES;
				EXECUTABLE_PREFIX = lib;
				PRODUCT_NAME = "$(TARGET_NAME)";
				USER_HEADER_SEARCH_PATHS = "/Users/scttrbrn/Documents/Libraries/Fxs/Include/**";
			};
			name = Release;
		};
/* End XCBuildConfiguration section */

/* Begin XCConfigurationList section */
		A88A8E8118F28F8A00652FC1 /* Build configuration list for PBXProject "FFCamera" */ = {
			isa = XCConfigurationList;
			buildConfigurations = (
				A88A8E8818F28F8A00652FC1 /* Debug */,
				A88A8E8918F28F8A00652FC1 /* Release */,
			);
			defaultConfigurationIsVisible = 0;
			defaultConfigurationName = Release;
		};
		A88A8E8A18F28F8A00652FC1 /* Build configuration list for PBXNativeTarget "FFCamera" */ = {
			isa = XCConfigurationList;
			buildConfigurations = (
				A88A8E8B18F28F8A00652FC1 /* Debug */,
				A88A8E8C18F28F8A00652FC1 /* Release */,
			);
			defaultConfigurationIsVisible = 0;
		};
/* End XCConfigurationList section */
	};
	rootObject = A88A8E7E18F28F8A00652FC1 /* Project object */;
}
