// !$*UTF8*$!
{
	archiveVersion = 1;
	classes = {
	};
	objectVersion = 46;
	objects = {

/* Begin PBXBuildFile section */
		A80E600C18F164AE00F62EED /* FFObjRenderer.c in Sources */ = {isa = PBXBuildFile; fileRef = A80E600B18F164AE00F62EED /* FFObjRenderer.c */; };
		A8AA4AB018F107680012A103 /* libFxs.a in Frameworks */ = {isa = PBXBuildFile; fileRef = A8AA4AAF18F107670012A103 /* libFxs.a */; };
		A8AA4AB218F107BD0012A103 /* ObjRendererMesh.c in Sources */ = {isa = PBXBuildFile; fileRef = A8AA4AB118F107BD0012A103 /* ObjRendererMesh.c */; };
/* End PBXBuildFile section */

/* Begin PBXFileReference section */
		A80E600A18F1647F00F62EED /* FFObjRenderer.h */ = {isa = PBXFileReference; lastKnownFileType = sourcecode.c.h; path = FFObjRenderer.h; sourceTree = "<group>"; };
		A80E600B18F164AE00F62EED /* FFObjRenderer.c */ = {isa = PBXFileReference; fileEncoding = 4; lastKnownFileType = sourcecode.c.c; path = FFObjRenderer.c; sourceTree = "<group>"; };
		A8AA4AA618F107090012A103 /* libObjRenderer.a */ = {isa = PBXFileReference; explicitFileType = archive.ar; includeInIndex = 0; path = libObjRenderer.a; sourceTree = BUILT_PRODUCTS_DIR; };
		A8AA4AAF18F107670012A103 /* libFxs.a */ = {isa = PBXFileReference; lastKnownFileType = archive.ar; name = libFxs.a; path = ../../../Documents/Libraries/Fxs/Lib/libFxs.a; sourceTree = "<group>"; };
		A8AA4AB118F107BD0012A103 /* ObjRendererMesh.c */ = {isa = PBXFileReference; fileEncoding = 4; lastKnownFileType = sourcecode.c.c; path = ObjRendererMesh.c; sourceTree = "<group>"; };
		A8AA4AB318F107CC0012A103 /* ObjRendererMesh.h */ = {isa = PBXFileReference; lastKnownFileType = sourcecode.c.h; path = ObjRendererMesh.h; sourceTree = "<group>"; };
/* End PBXFileReference section */

/* Begin PBXFrameworksBuildPhase section */
		A8AA4AA318F107090012A103 /* Frameworks */ = {
			isa = PBXFrameworksBuildPhase;
			buildActionMask = 2147483647;
			files = (
				A8AA4AB018F107680012A103 /* libFxs.a in Frameworks */,
			);
			runOnlyForDeploymentPostprocessing = 0;
		};
/* End PBXFrameworksBuildPhase section */

/* Begin PBXGroup section */
		A8AA4A9D18F107090012A103 = {
			isa = PBXGroup;
			children = (
				A8AA4AAE18F107580012A103 /* Lib */,
				A8AA4AAD18F107210012A103 /* Src */,
				A8AA4AA718F107090012A103 /* Products */,
			);
			sourceTree = "<group>";
		};
		A8AA4AA718F107090012A103 /* Products */ = {
			isa = PBXGroup;
			children = (
				A8AA4AA618F107090012A103 /* libObjRenderer.a */,
			);
			name = Products;
			sourceTree = "<group>";
		};
		A8AA4AAD18F107210012A103 /* Src */ = {
			isa = PBXGroup;
			children = (
				A8AA4AB118F107BD0012A103 /* ObjRendererMesh.c */,
				A8AA4AB318F107CC0012A103 /* ObjRendererMesh.h */,
				A80E600A18F1647F00F62EED /* FFObjRenderer.h */,
				A80E600B18F164AE00F62EED /* FFObjRenderer.c */,
			);
			name = Src;
			sourceTree = "<group>";
		};
		A8AA4AAE18F107580012A103 /* Lib */ = {
			isa = PBXGroup;
			children = (
				A8AA4AAF18F107670012A103 /* libFxs.a */,
			);
			name = Lib;
			sourceTree = "<group>";
		};
/* End PBXGroup section */

/* Begin PBXHeadersBuildPhase section */
		A8AA4AA418F107090012A103 /* Headers */ = {
			isa = PBXHeadersBuildPhase;
			buildActionMask = 2147483647;
			files = (
			);
			runOnlyForDeploymentPostprocessing = 0;
		};
/* End PBXHeadersBuildPhase section */

/* Begin PBXNativeTarget section */
		A8AA4AA518F107090012A103 /* ObjRenderer */ = {
			isa = PBXNativeTarget;
			buildConfigurationList = A8AA4AAA18F107090012A103 /* Build configuration list for PBXNativeTarget "ObjRenderer" */;
			buildPhases = (
				A8AA4AA218F107090012A103 /* Sources */,
				A8AA4AA318F107090012A103 /* Frameworks */,
				A8AA4AA418F107090012A103 /* Headers */,
			);
			buildRules = (
			);
			dependencies = (
			);
			name = ObjRenderer;
			productName = ObjRenderer;
			productReference = A8AA4AA618F107090012A103 /* libObjRenderer.a */;
			productType = "com.apple.product-type.library.static";
		};
/* End PBXNativeTarget section */

/* Begin PBXProject section */
		A8AA4A9E18F107090012A103 /* Project object */ = {
			isa = PBXProject;
			attributes = {
				LastUpgradeCheck = 0510;
				ORGANIZATIONNAME = "Arno in Wolde Luebke";
			};
			buildConfigurationList = A8AA4AA118F107090012A103 /* Build configuration list for PBXProject "ObjRenderer" */;
			compatibilityVersion = "Xcode 3.2";
			developmentRegion = English;
			hasScannedForEncodings = 0;
			knownRegions = (
				en,
			);
			mainGroup = A8AA4A9D18F107090012A103;
			productRefGroup = A8AA4AA718F107090012A103 /* Products */;
			projectDirPath = "";
			projectRoot = "";
			targets = (
				A8AA4AA518F107090012A103 /* ObjRenderer */,
			);
		};
/* End PBXProject section */

/* Begin PBXSourcesBuildPhase section */
		A8AA4AA218F107090012A103 /* Sources */ = {
			isa = PBXSourcesBuildPhase;
			buildActionMask = 2147483647;
			files = (
				A80E600C18F164AE00F62EED /* FFObjRenderer.c in Sources */,
				A8AA4AB218F107BD0012A103 /* ObjRendererMesh.c in Sources */,
			);
			runOnlyForDeploymentPostprocessing = 0;
		};
/* End PBXSourcesBuildPhase section */

/* Begin XCBuildConfiguration section */
		A8AA4AA818F107090012A103 /* Debug */ = {
			isa = XCBuildConfiguration;
			buildSettings = {
				ALWAYS_SEARCH_USER_PATHS = NO;
				CLANG_CXX_LANGUAGE_STANDARD = "gnu++0x";
				CLANG_CXX_LIBRARY = "libc++";
				CLANG_ENABLE_MODULES = YES;
				CLANG_ENABLE_OBJC_ARC = YES;
				CLANG_WARN_BOOL_CONVERSION = YES;
				CLANG_WARN_CONSTANT_CONVERSION = YES;
				CLANG_WARN_DIRECT_OBJC_ISA_USAGE = YES_ERROR;
				CLANG_WARN_EMPTY_BODY = YES;
				CLANG_WARN_ENUM_CONVERSION = YES;
				CLANG_WARN_INT_CONVERSION = YES;
				CLANG_WARN_OBJC_ROOT_CLASS = YES_ERROR;
				CLANG_WARN__DUPLICATE_METHOD_MATCH = YES;
				COPY_PHASE_STRIP = NO;
				GCC_C_LANGUAGE_STANDARD = gnu99;
				GCC_DYNAMIC_NO_PIC = NO;
				GCC_ENABLE_OBJC_EXCEPTIONS = YES;
				GCC_OPTIMIZATION_LEVEL = 0;
				GCC_PREPROCESSOR_DEFINITIONS = (
					"DEBUG=1",
					"$(inherited)",
				);
				GCC_SYMBOLS_PRIVATE_EXTERN = NO;
				GCC_WARN_64_TO_32_BIT_CONVERSION = YES;
				GCC_WARN_ABOUT_RETURN_TYPE = YES_ERROR;
				GCC_WARN_UNDECLARED_SELECTOR = YES;
				GCC_WARN_UNINITIALIZED_AUTOS = YES_AGGRESSIVE;
				GCC_WARN_UNUSED_FUNCTION = YES;
				GCC_WARN_UNUSED_VARIABLE = YES;
				MACOSX_DEPLOYMENT_TARGET = 10.9;
				ONLY_ACTIVE_ARCH = YES;
				SDKROOT = macosx;
			};
			name = Debug;
		};
		A8AA4AA918F107090012A103 /* Release */ = {
			isa = XCBuildConfiguration;
			buildSettings = {
				ALWAYS_SEARCH_USER_PATHS = NO;
				CLANG_CXX_LANGUAGE_STANDARD = "gnu++0x";
				CLANG_CXX_LIBRARY = "libc++";
				CLANG_ENABLE_MODULES = YES;
				CLANG_ENABLE_OBJC_ARC = YES;
				CLANG_WARN_BOOL_CONVERSION = YES;
				CLANG_WARN_CONSTANT_CONVERSION = YES;
				CLANG_WARN_DIRECT_OBJC_ISA_USAGE = YES_ERROR;
				CLANG_WARN_EMPTY_BODY = YES;
				CLANG_WARN_ENUM_CONVERSION = YES;
				CLANG_WARN_INT_CONVERSION = YES;
				CLANG_WARN_OBJC_ROOT_CLASS = YES_ERROR;
				CLANG_WARN__DUPLICATE_METHOD_MATCH = YES;
				COPY_PHASE_STRIP = YES;
				DEBUG_INFORMATION_FORMAT = "dwarf-with-dsym";
				ENABLE_NS_ASSERTIONS = NO;
				GCC_C_LANGUAGE_STANDARD = gnu99;
				GCC_ENABLE_OBJC_EXCEPTIONS = YES;
				GCC_WARN_64_TO_32_BIT_CONVERSION = YES;
				GCC_WARN_ABOUT_RETURN_TYPE = YES_ERROR;
				GCC_WARN_UNDECLARED_SELECTOR = YES;
				GCC_WARN_UNINITIALIZED_AUTOS = YES_AGGRESSIVE;
				GCC_WARN_UNUSED_FUNCTION = YES;
				GCC_WARN_UNUSED_VARIABLE = YES;
				MACOSX_DEPLOYMENT_TARGET = 10.9;
				SDKROOT = macosx;
			};
			name = Release;
		};
		A8AA4AAB18F107090012A103 /* Debug */ = {
			isa = XCBuildConfiguration;
			buildSettings = {
				ALWAYS_SEARCH_USER_PATHS = YES;
				EXECUTABLE_PREFIX = lib;
				LIBRARY_SEARCH_PATHS = (
					"$(inherited)",
					/Users/scttrbrn/Documents/Libraries/Fxs/Lib,
				);
				PRODUCT_NAME = "$(TARGET_NAME)";
				USER_HEADER_SEARCH_PATHS = "/Users/scttrbrn/Documents/Libraries/Fxs/Include/**";
			};
			name = Debug;
		};
		A8AA4AAC18F107090012A103 /* Release */ = {
			isa = XCBuildConfiguration;
			buildSettings = {
				ALWAYS_SEARCH_USER_PATHS = YES;
				EXECUTABLE_PREFIX = lib;
				LIBRARY_SEARCH_PATHS = (
					"$(inherited)",
					/Users/scttrbrn/Documents/Libraries/Fxs/Lib,
				);
				PRODUCT_NAME = "$(TARGET_NAME)";
				USER_HEADER_SEARCH_PATHS = "/Users/scttrbrn/Documents/Libraries/Fxs/Include/**";
			};
			name = Release;
		};
/* End XCBuildConfiguration section */

/* Begin XCConfigurationList section */
		A8AA4AA118F107090012A103 /* Build configuration list for PBXProject "ObjRenderer" */ = {
			isa = XCConfigurationList;
			buildConfigurations = (
				A8AA4AA818F107090012A103 /* Debug */,
				A8AA4AA918F107090012A103 /* Release */,
			);
			defaultConfigurationIsVisible = 0;
			defaultConfigurationName = Release;
		};
		A8AA4AAA18F107090012A103 /* Build configuration list for PBXNativeTarget "ObjRenderer" */ = {
			isa = XCConfigurationList;
			buildConfigurations = (
				A8AA4AAB18F107090012A103 /* Debug */,
				A8AA4AAC18F107090012A103 /* Release */,
			);
			defaultConfigurationIsVisible = 0;
			defaultConfigurationName = Release;
		};
/* End XCConfigurationList section */
	};
	rootObject = A8AA4A9E18F107090012A103 /* Project object */;
}
